{
  "name": "bpk-component-autosuggest",
  "version": "6.0.33",
  "lockfileVersion": 1,
  "requires": true,
  "dependencies": {
    "@babel/runtime": {
      "version": "7.25.6",
      "resolved": "https://registry.npmjs.org/@babel/runtime/-/runtime-7.25.6.tgz",
      "integrity": "sha512-VBj9MYyDb9tuLq7yzqjgzt6Q+IBQLrGZfdjOekyEirZPHxXWoTSGUTMrpsfi58Up73d13NfYLv8HT9vmznjzhQ==",
      "requires": {
        "regenerator-runtime": "^0.14.0"
      }
    },
    "@skyscanner/bpk-foundations-common": {
      "version": "2.6.1",
      "resolved": "https://registry.npmjs.org/@skyscanner/bpk-foundations-common/-/bpk-foundations-common-2.6.1.tgz",
      "integrity": "sha512-XtM6o6WXW98cK5tY3xKcUxch/iGhVUpur4yCB211rhwrDz6CMN7WV4Nne72fmv/BZWriUpuzid6L+v0aXkfjDw==",
      "requires": {
        "color": "^3.0.0"
      }
    },
    "@skyscanner/bpk-foundations-web": {
      "version": "8.5.1",
      "resolved": "https://registry.npmjs.org/@skyscanner/bpk-foundations-web/-/bpk-foundations-web-8.5.1.tgz",
      "integrity": "sha512-wpJ4IgcJ7gmYjgoKtIVVoVH3DX1lfy3E9PN2G3V83ToK23Q4Zl/tSNe6rm3WbFn+20KbguQ9igoUQhfOW13lkA==",
      "requires": {
        "@skyscanner/bpk-foundations-common": "^2.6.1",
        "color": "^3.0.0"
      }
    },
    "@skyscanner/bpk-svgs": {
      "version": "14.5.9",
      "resolved": "https://registry.npmjs.org/@skyscanner/bpk-svgs/-/bpk-svgs-14.5.9.tgz",
      "integrity": "sha512-AeaBoOOkX3fO2nB+oKD/stYH69hF6VCYJsngwoSSJkJRrfRJcOqmcsN+MkTQ1avQ6U1wUe0Wzemdzs5riLLMlQ=="
    },
    "bpk-component-icon": {
      "version": "9.2.15",
      "resolved": "https://registry.npmjs.org/bpk-component-icon/-/bpk-component-icon-9.2.15.tgz",
      "integrity": "sha512-crmYSgsVW0NJXai95j8xs1Yj9qCQ0ZCxjoAJKtGA/9q7r2SVML1P8Npfo8jMOPeEV9NDOAZp6IZYqSMLuILL0g==",
      "requires": {
        "@skyscanner/bpk-foundations-web": "^8.2.1",
        "@skyscanner/bpk-svgs": "^14.3.3",
        "bpk-mixins": "^31.1.6",
        "bpk-react-utils": "^6.0.1",
        "prop-types": "^15.7.2"
      },
      "dependencies": {
        "@skyscanner/bpk-foundations-common": {
          "version": "3.2.1",
          "resolved": "https://registry.npmjs.org/@skyscanner/bpk-foundations-common/-/bpk-foundations-common-3.2.1.tgz",
          "integrity": "sha512-GvHWAtm6oilQl8uMyAA6ODl/7j1A01SKFjWDDZKcZReBGbP1fPV92LaXWDutFwUcquYtUU412PnC9PN15psldQ==",
          "requires": {
            "color": "^3.0.0"
          }
        },
        "bpk-mixins": {
          "version": "31.7.0",
          "resolved": "https://registry.npmjs.org/bpk-mixins/-/bpk-mixins-31.7.0.tgz",
          "integrity": "sha512-/+bH7lyfPB1nCeFcWShk1q747W1AQyBGhVl8bVl6RlZuHC70T3sI2QvZWfIgBbvSXl9xwrEb3O93c3JKfeBFbw==",
          "requires": {
            "@skyscanner/bpk-foundations-web": "^9.6.0",
            "@skyscanner/bpk-svgs": "^14.5.3"
          },
          "dependencies": {
            "@skyscanner/bpk-foundations-web": {
              "version": "9.6.0",
              "resolved": "https://registry.npmjs.org/@skyscanner/bpk-foundations-web/-/bpk-foundations-web-9.6.0.tgz",
              "integrity": "sha512-TCtG1QP2XQwyx0Mvmab8KNtKhZwy63s2PR4+TqzEpYjaJDOBiTKA2T4BcBYonTohaxH0Evo7rSbYwU+3Qz//Kg==",
              "requires": {
                "@skyscanner/bpk-foundations-common": "^3.1.2",
                "color": "^3.0.0"
              }
            }
          }
        },
        "bpk-react-utils": {
          "version": "6.0.1",
          "resolved": "https://registry.npmjs.org/bpk-react-utils/-/bpk-react-utils-6.0.1.tgz",
          "integrity": "sha512-7hxqbcvGS/mOnGOqM/RpYU447/9u2GphplDK/7bZAdqUY9caFwoG2muyR2Suh8W9nNpLCuSBFk05rkXgsonidw==",
          "requires": {
            "object-assign": "^4.1.1",
            "prop-types": "^15.7.2",
            "react-transition-group": "^2.5.3"
          }
        }
      }
    },
    "bpk-component-input": {
      "version": "6.1.4",
      "resolved": "https://registry.npmjs.org/bpk-component-input/-/bpk-component-input-6.1.4.tgz",
      "integrity": "sha512-70SYZpEH4cnWdAqMeSry2gno2Lr2kVcn3nusxIcWnAC9ZKfbjOgOh6eHTZaTod2CM20kYKTIXLHLHYV8JDCCpw==",
      "requires": {
        "bpk-component-icon": "^9.2.4",
        "bpk-mixins": "^28.0.0",
        "bpk-react-utils": "^4.1.1",
        "prop-types": "^15.7.2"
      },
      "dependencies": {
        "@skyscanner/bpk-foundations-web": {
          "version": "6.2.0",
          "resolved": "https://registry.npmjs.org/@skyscanner/bpk-foundations-web/-/bpk-foundations-web-6.2.0.tgz",
          "integrity": "sha512-P2DoZDObSx6vEpFakvDCw0hP9zL0KTXLhilCLgG33xH/2kULJdgnuHvaAPmMIuANJWnwckCEUjLCZ6crEvl0AQ==",
          "requires": {
            "@skyscanner/bpk-foundations-common": "^2.3.0",
            "color": "^3.0.0"
          }
        },
        "bpk-mixins": {
          "version": "28.3.0",
          "resolved": "https://registry.npmjs.org/bpk-mixins/-/bpk-mixins-28.3.0.tgz",
          "integrity": "sha512-/9CoRjHfmgfCQIaSunzy5O7NrxdAG74mm8RxOwECv5aBmIsc+TpZVsCU2gwbN50ZzOrU1XnRxn4LkB2oanYAlA==",
          "requires": {
            "@skyscanner/bpk-foundations-web": "^6.2.0",
            "@skyscanner/bpk-svgs": "^14.1.7"
          }
        }
      }
    },
    "bpk-mixins": {
      "version": "24.1.2",
      "resolved": "https://registry.npmjs.org/bpk-mixins/-/bpk-mixins-24.1.2.tgz",
      "integrity": "sha512-Xsqo47vAXfNDegrqIhmj6DjUY8ts7pf0wMI+Ko3xKSRskcUwJv/KvCup/kaFrX/BqUrmbR1JuyCFRdmq8w3eKg==",
      "requires": {
        "@skyscanner/bpk-foundations-web": "^4.3.1",
        "@skyscanner/bpk-svgs": "^14.0.15"
      },
      "dependencies": {
        "@skyscanner/bpk-foundations-web": {
          "version": "4.4.0",
          "resolved": "https://registry.npmjs.org/@skyscanner/bpk-foundations-web/-/bpk-foundations-web-4.4.0.tgz",
          "integrity": "sha512-Y4QsavWw5jB/xti98JkAzxx47Qq5a1ipMzeqtOWMausRziZo9Nbb4PDQvAIRdY7Tz8K5XGk54cz7ZYy145QvCw==",
          "requires": {
            "@skyscanner/bpk-foundations-common": "^2.0.0",
            "color": "^3.0.0"
          }
        }
      }
    },
    "bpk-react-utils": {
      "version": "4.1.1",
      "resolved": "https://registry.npmjs.org/bpk-react-utils/-/bpk-react-utils-4.1.1.tgz",
      "integrity": "sha512-RiuWY1hJFXhXeEsKSK1nPxlJvd0ja49W+JsMkIo0I3kNi75TvfCt6Q/q87SH+0jujnW7VGZxH6mCx3/0tPdadA==",
      "requires": {
        "object-assign": "^4.1.1",
        "prop-types": "^15.7.2",
        "react-transition-group": "^2.5.3"
      }
    },
    "color": {
      "version": "3.2.1",
      "resolved": "https://registry.npmjs.org/color/-/color-3.2.1.tgz",
      "integrity": "sha512-aBl7dZI9ENN6fUGC7mWpMTPNHmWUSNan9tuWN6ahh5ZLNk9baLJOnSMlrQkHcrfFgz2/RigjUVAjdx36VcemKA==",
      "requires": {
        "color-convert": "^1.9.3",
        "color-string": "^1.6.0"
      }
    },
    "color-convert": {
      "version": "1.9.3",
      "resolved": "https://registry.npmjs.org/color-convert/-/color-convert-1.9.3.tgz",
      "integrity": "sha512-QfAUtd+vFdAtFQcC8CCyYt1fYWxSqAiK2cSD6zDB8N3cpsEBAvRxp9zOGg6G/SHHJYAT88/az/IuDGALsNVbGg==",
      "requires": {
        "color-name": "1.1.3"
      }
    },
    "color-name": {
      "version": "1.1.3",
      "resolved": "https://registry.npmjs.org/color-name/-/color-name-1.1.3.tgz",
      "integrity": "sha512-72fSenhMw2HZMTVHeCA9KCmpEIbzWiQsjN+BHcBbS9vr1mtt+vJjPdksIBNUmKAW8TFUDPJK5SUU3QhE9NEXDw=="
    },
    "color-string": {
      "version": "1.9.1",
      "resolved": "https://registry.npmjs.org/color-string/-/color-string-1.9.1.tgz",
      "integrity": "sha512-shrVawQFojnZv6xM40anx4CkoDP+fZsw/ZerEMsW/pyzsRbElpsL/DBVW7q3ExxwusdNXI3lXpuhEZkzs8p5Eg==",
      "requires": {
        "color-name": "^1.0.0",
        "simple-swizzle": "^0.2.2"
      }
    },
    "dom-helpers": {
      "version": "3.4.0",
      "resolved": "https://registry.npmjs.org/dom-helpers/-/dom-helpers-3.4.0.tgz",
      "integrity": "sha512-LnuPJ+dwqKDIyotW1VzmOZ5TONUN7CwkCR5hrgawTUbkBGYdeoNLZo6nNfGkCrjtE1nXXaj7iMMpDa8/d9WoIA==",
      "requires": {
        "@babel/runtime": "^7.1.2"
      }
    },
    "is-arrayish": {
      "version": "0.3.2",
      "resolved": "https://registry.npmjs.org/is-arrayish/-/is-arrayish-0.3.2.tgz",
      "integrity": "sha512-eVRqCvVlZbuw3GrM63ovNSNAeA1K16kaR/LRY/92w0zxQ5/1YzwblUX652i4Xs9RwAGjW9d9y6X88t8OaAJfWQ=="
    },
    "js-tokens": {
      "version": "4.0.0",
      "resolved": "https://registry.npmjs.org/js-tokens/-/js-tokens-4.0.0.tgz",
      "integrity": "sha512-RdJUflcE3cUzKiMqQgsCu06FPu9UdIJO0beYbPhHN4k6apgJtifcoCtT9bcxOpYBtpD2kCM6Sbzg4CausW/PKQ=="
    },
    "loose-envify": {
      "version": "1.4.0",
      "resolved": "https://registry.npmjs.org/loose-envify/-/loose-envify-1.4.0.tgz",
      "integrity": "sha512-lyuxPGr/Wfhrlem2CL/UcnUc1zcqKAImBDzukY7Y5F/yQiNdko6+fRLevlw1HgMySw7f611UIY408EtxRSoK3Q==",
      "requires": {
        "js-tokens": "^3.0.0 || ^4.0.0"
      }
    },
    "object-assign": {
      "version": "4.1.1",
      "resolved": "https://registry.npmjs.org/object-assign/-/object-assign-4.1.1.tgz",
      "integrity": "sha1-IQmtx5ZYh8/AXLvUQsrIv7s2CGM="
    },
    "prop-types": {
      "version": "15.7.2",
      "resolved": "https://registry.npmjs.org/prop-types/-/prop-types-15.7.2.tgz",
      "integrity": "sha512-8QQikdH7//R2vurIJSutZ1smHYTcLpRWEOlHnzcWHmBYrOGUysKwSsrC89BCiFj3CbrfJ/nXFdJepOVrY1GCHQ==",
      "requires": {
        "loose-envify": "^1.4.0",
        "object-assign": "^4.1.1",
        "react-is": "^16.8.1"
      }
    },
    "react-autosuggest": {
      "version": "9.4.3",
      "resolved": "https://registry.npmjs.org/react-autosuggest/-/react-autosuggest-9.4.3.tgz",
      "integrity": "sha512-wFbp5QpgFQRfw9cwKvcgLR8theikOUkv8PFsuLYqI2PUgVlx186Cz8MYt5bLxculi+jxGGUUVt+h0esaBZZouw==",
      "requires": {
        "prop-types": "^15.5.10",
        "react-autowhatever": "^10.1.2",
        "shallow-equal": "^1.0.0"
      }
    },
    "react-autowhatever": {
      "version": "10.2.1",
      "resolved": "https://registry.npmjs.org/react-autowhatever/-/react-autowhatever-10.2.1.tgz",
      "integrity": "sha512-5gQyoETyBH6GmuW1N1J81CuoAV+Djeg66DEo03xiZOl3WOwJHBP5LisKUvCGOakjrXU4M3hcIvCIqMBYGUmqOA==",
      "requires": {
        "prop-types": "^15.5.8",
        "react-themeable": "^1.1.0",
        "section-iterator": "^2.0.0"
      }
    },
    "react-is": {
      "version": "16.13.1",
      "resolved": "https://registry.npmjs.org/react-is/-/react-is-16.13.1.tgz",
      "integrity": "sha512-24e6ynE2H+OKt4kqsOvNd8kBpV65zoxbA4BVsEOB3ARVWQki/DHzaUoC5KuON/BiccDaCCTZBuOcfZs70kR8bQ=="
    },
    "react-lifecycles-compat": {
      "version": "3.0.4",
      "resolved": "https://registry.npmjs.org/react-lifecycles-compat/-/react-lifecycles-compat-3.0.4.tgz",
      "integrity": "sha512-fBASbA6LnOU9dOU2eW7aQ8xmYBSXUIWr+UmF9b1efZBazGNO+rcXT/icdKnYm2pTwcRylVUYwW7H1PHfLekVzA=="
    },
    "react-themeable": {
      "version": "1.1.0",
      "resolved": "https://registry.npmjs.org/react-themeable/-/react-themeable-1.1.0.tgz",
      "integrity": "sha1-fURm3ZsrX6dQWHJ4JenxUro3mg4=",
      "requires": {
        "object-assign": "^3.0.0"
      },
      "dependencies": {
        "object-assign": {
          "version": "3.0.0",
          "resolved": "https://registry.npmjs.org/object-assign/-/object-assign-3.0.0.tgz",
          "integrity": "sha1-m+3VygiXlJvKR+f/QIBi1Un1h/I="
        }
      }
    },
    "react-transition-group": {
      "version": "2.9.0",
      "resolved": "https://registry.npmjs.org/react-transition-group/-/react-transition-group-2.9.0.tgz",
      "integrity": "sha512-+HzNTCHpeQyl4MJ/bdE0u6XRMe9+XG/+aL4mCxVN4DnPBQ0/5bfHWPDuOZUzYdMj94daZaZdCCc1Dzt9R/xSSg==",
      "requires": {
        "dom-helpers": "^3.4.0",
        "loose-envify": "^1.4.0",
        "prop-types": "^15.6.2",
        "react-lifecycles-compat": "^3.0.4"
      }
    },
    "regenerator-runtime": {
      "version": "0.14.1",
      "resolved": "https://registry.npmjs.org/regenerator-runtime/-/regenerator-runtime-0.14.1.tgz",
      "integrity": "sha512-dYnhHh0nJoMfnkZs6GmmhFknAGRrLznOu5nc9ML+EJxGvrx6H7teuevqVqCuPcPK//3eDrrjQhehXVx9cnkGdw=="
    },
    "section-iterator": {
      "version": "2.0.0",
      "resolved": "https://registry.npmjs.org/section-iterator/-/section-iterator-2.0.0.tgz",
      "integrity": "sha1-v0RNev7rlK1Dw5rS+yYVFifMuio="
    },
    "shallow-equal": {
      "version": "1.2.1",
      "resolved": "https://registry.npmjs.org/shallow-equal/-/shallow-equal-1.2.1.tgz",
      "integrity": "sha512-S4vJDjHHMBaiZuT9NPb616CSmLf618jawtv3sufLl6ivK8WocjAo58cXwbRV1cgqxH0Qbv+iUt6m05eqEa2IRA=="
    },
    "simple-swizzle": {
      "version": "0.2.2",
      "resolved": "https://registry.npmjs.org/simple-swizzle/-/simple-swizzle-0.2.2.tgz",
      "integrity": "sha512-JA//kQgZtbuY83m+xT+tXJkmJncGMTFT+C+g2h2R9uxkYIrE2yy9sgmcLhCnw57/WSD+Eh3J97FPEDFnbXnDUg==",
      "requires": {
        "is-arrayish": "^0.3.1"
      }
    }
  }
}
