{
  "name": "bpk-component-barchart",
  "version": "4.1.9",
  "lockfileVersion": 1,
  "requires": true,
  "dependencies": {
    "@babel/runtime": {
      "version": "7.23.4",
      "resolved": "https://registry.npmjs.org/@babel/runtime/-/runtime-7.23.4.tgz",
      "integrity": "sha512-2Yv65nlWnWlSpe3fXEyX5i7fx5kIKo4Qbcj+hMO0odwaneFjfXw5fdum+4yL20O0QiaHpia0cYQ9xpNMqrBwHg==",
      "requires": {
        "regenerator-runtime": "^0.14.0"
      }
    },
    "@skyscanner/bpk-foundations-common": {
      "version": "2.6.1",
      "resolved": "https://registry.npmjs.org/@skyscanner/bpk-foundations-common/-/bpk-foundations-common-2.6.1.tgz",
      "integrity": "sha512-XtM6o6WXW98cK5tY3xKcUxch/iGhVUpur4yCB211rhwrDz6CMN7WV4Nne72fmv/BZWriUpuzid6L+v0aXkfjDw==",
      "requires": {
        "color": "^3.0.0"
      }
    },
    "@skyscanner/bpk-foundations-web": {
      "version": "4.4.0",
      "resolved": "https://registry.npmjs.org/@skyscanner/bpk-foundations-web/-/bpk-foundations-web-4.4.0.tgz",
      "integrity": "sha512-Y4QsavWw5jB/xti98JkAzxx47Qq5a1ipMzeqtOWMausRziZo9Nbb4PDQvAIRdY7Tz8K5XGk54cz7ZYy145QvCw==",
      "requires": {
        "@skyscanner/bpk-foundations-common": "^2.0.0",
        "color": "^3.0.0"
      }
    },
    "@skyscanner/bpk-svgs": {
      "version": "14.5.9",
      "resolved": "https://registry.npmjs.org/@skyscanner/bpk-svgs/-/bpk-svgs-14.5.9.tgz",
      "integrity": "sha512-AeaBoOOkX3fO2nB+oKD/stYH69hF6VCYJsngwoSSJkJRrfRJcOqmcsN+MkTQ1avQ6U1wUe0Wzemdzs5riLLMlQ=="
    },
    "bpk-component-breakpoint": {
      "version": "3.1.7",
      "resolved": "https://registry.npmjs.org/bpk-component-breakpoint/-/bpk-component-breakpoint-3.1.7.tgz",
      "integrity": "sha512-tOkjHseqWoOTnNHmkrioGPUtcSjJ6Qmg1UFZZ8wdSEORvIPIqpVVtLwlIKrQIrvhGhaVNjr5oYEDbMiUK2tbfg==",
      "dev": true,
      "requires": {
        "bpk-mixins": "^30.0.0",
        "bpk-react-utils": "^4.1.1",
        "prop-types": "^15.7.2",
        "react-responsive": "^6.1.2"
      },
      "dependencies": {
        "@skyscanner/bpk-foundations-web": {
          "version": "7.0.0",
          "resolved": "https://registry.npmjs.org/@skyscanner/bpk-foundations-web/-/bpk-foundations-web-7.0.0.tgz",
          "integrity": "sha512-Y02OdHxYQyYuLbyAgGTArFG7cmnDL/hNAXy5bGEOnROuQ2Ekl+4YNSEqOjY96AF39SfFrlkTeI4SAoJWNAqrRQ==",
          "dev": true,
          "requires": {
            "@skyscanner/bpk-foundations-common": "^2.3.0",
            "color": "^3.0.0"
          }
        },
        "bpk-mixins": {
          "version": "30.0.0",
          "resolved": "https://registry.npmjs.org/bpk-mixins/-/bpk-mixins-30.0.0.tgz",
          "integrity": "sha512-WmO1p8Q1I8wpMVVWB7+CgUOjZmqlumRSEdyR8WWYVBkqA82EqQhjbfkAD8ToKRgI269RS6f2YH26QR5/omIxpQ==",
          "dev": true,
          "requires": {
            "@skyscanner/bpk-foundations-web": "^7.0.0",
            "@skyscanner/bpk-svgs": "^14.1.8"
          }
        }
      }
    },
    "bpk-component-content-container": {
      "version": "3.0.22",
      "resolved": "https://registry.npmjs.org/bpk-component-content-container/-/bpk-component-content-container-3.0.22.tgz",
      "integrity": "sha512-jN722f8IQSrwkqm2+64eTYwWzazevW7j+XSpINxo6QGXc+EK2rrGlgHLybhis59MdU7eS++aarBmW5rGWgIdRA==",
      "dev": true,
      "requires": {
        "bpk-mixins": "^24.1.2",
        "bpk-react-utils": "^4.0.2",
        "prop-types": "^15.7.2"
      }
    },
    "bpk-component-link": {
      "version": "3.1.14",
      "resolved": "https://registry.npmjs.org/bpk-component-link/-/bpk-component-link-3.1.14.tgz",
      "integrity": "sha512-XJ53qDNcCshd7goeVO8R22MPBT6cvNcqZ8+jTLmhvCwWA478QxQmlRzrgzkRzaQ4KPutL8NtfzNBs8aH8lo67A==",
      "dev": true,
      "requires": {
        "bpk-mixins": "^31.1.6",
        "bpk-react-utils": "^6.0.1",
        "prop-types": "^15.7.2"
      },
      "dependencies": {
        "@skyscanner/bpk-foundations-common": {
          "version": "3.2.1",
          "resolved": "https://registry.npmjs.org/@skyscanner/bpk-foundations-common/-/bpk-foundations-common-3.2.1.tgz",
          "integrity": "sha512-GvHWAtm6oilQl8uMyAA6ODl/7j1A01SKFjWDDZKcZReBGbP1fPV92LaXWDutFwUcquYtUU412PnC9PN15psldQ==",
          "dev": true,
          "requires": {
            "color": "^3.0.0"
          }
        },
        "@skyscanner/bpk-foundations-web": {
          "version": "9.6.0",
          "resolved": "https://registry.npmjs.org/@skyscanner/bpk-foundations-web/-/bpk-foundations-web-9.6.0.tgz",
          "integrity": "sha512-TCtG1QP2XQwyx0Mvmab8KNtKhZwy63s2PR4+TqzEpYjaJDOBiTKA2T4BcBYonTohaxH0Evo7rSbYwU+3Qz//Kg==",
          "dev": true,
          "requires": {
            "@skyscanner/bpk-foundations-common": "^3.1.2",
            "color": "^3.0.0"
          }
        },
        "bpk-mixins": {
          "version": "31.7.0",
          "resolved": "https://registry.npmjs.org/bpk-mixins/-/bpk-mixins-31.7.0.tgz",
          "integrity": "sha512-/+bH7lyfPB1nCeFcWShk1q747W1AQyBGhVl8bVl6RlZuHC70T3sI2QvZWfIgBbvSXl9xwrEb3O93c3JKfeBFbw==",
          "dev": true,
          "requires": {
            "@skyscanner/bpk-foundations-web": "^9.6.0",
            "@skyscanner/bpk-svgs": "^14.5.3"
          }
        },
        "bpk-react-utils": {
          "version": "6.0.1",
          "resolved": "https://registry.npmjs.org/bpk-react-utils/-/bpk-react-utils-6.0.1.tgz",
          "integrity": "sha512-7hxqbcvGS/mOnGOqM/RpYU447/9u2GphplDK/7bZAdqUY9caFwoG2muyR2Suh8W9nNpLCuSBFk05rkXgsonidw==",
          "dev": true,
          "requires": {
            "object-assign": "^4.1.1",
            "prop-types": "^15.7.2",
            "react-transition-group": "^2.5.3"
          }
        }
      }
    },
    "bpk-component-mobile-scroll-container": {
      "version": "3.1.14",
      "resolved": "https://registry.npmjs.org/bpk-component-mobile-scroll-container/-/bpk-component-mobile-scroll-container-3.1.14.tgz",
      "integrity": "sha512-jzEPnJZiKCXu6wdxGgUhRxZ6zgPzGbIsg/Koa2yFw/br4IgUK9370N3mSAhf9XAjYPLGWsaX+laN3VaKKSts7A==",
      "requires": {
        "bpk-mixins": "^31.1.6",
        "bpk-react-utils": "^6.0.1",
        "lodash.debounce": "^4.0.8",
        "prop-types": "^15.7.2"
      },
      "dependencies": {
        "@skyscanner/bpk-foundations-common": {
          "version": "3.2.1",
          "resolved": "https://registry.npmjs.org/@skyscanner/bpk-foundations-common/-/bpk-foundations-common-3.2.1.tgz",
          "integrity": "sha512-GvHWAtm6oilQl8uMyAA6ODl/7j1A01SKFjWDDZKcZReBGbP1fPV92LaXWDutFwUcquYtUU412PnC9PN15psldQ==",
          "requires": {
            "color": "^3.0.0"
          }
        },
        "@skyscanner/bpk-foundations-web": {
          "version": "9.6.0",
          "resolved": "https://registry.npmjs.org/@skyscanner/bpk-foundations-web/-/bpk-foundations-web-9.6.0.tgz",
          "integrity": "sha512-TCtG1QP2XQwyx0Mvmab8KNtKhZwy63s2PR4+TqzEpYjaJDOBiTKA2T4BcBYonTohaxH0Evo7rSbYwU+3Qz//Kg==",
          "requires": {
            "@skyscanner/bpk-foundations-common": "^3.1.2",
            "color": "^3.0.0"
          }
        },
        "bpk-mixins": {
          "version": "31.7.0",
          "resolved": "https://registry.npmjs.org/bpk-mixins/-/bpk-mixins-31.7.0.tgz",
          "integrity": "sha512-/+bH7lyfPB1nCeFcWShk1q747W1AQyBGhVl8bVl6RlZuHC70T3sI2QvZWfIgBbvSXl9xwrEb3O93c3JKfeBFbw==",
          "requires": {
            "@skyscanner/bpk-foundations-web": "^9.6.0",
            "@skyscanner/bpk-svgs": "^14.5.3"
          }
        },
        "bpk-react-utils": {
          "version": "6.0.1",
          "resolved": "https://registry.npmjs.org/bpk-react-utils/-/bpk-react-utils-6.0.1.tgz",
          "integrity": "sha512-7hxqbcvGS/mOnGOqM/RpYU447/9u2GphplDK/7bZAdqUY9caFwoG2muyR2Suh8W9nNpLCuSBFk05rkXgsonidw==",
          "requires": {
            "object-assign": "^4.1.1",
            "prop-types": "^15.7.2",
            "react-transition-group": "^2.5.3"
          }
        }
      }
    },
    "bpk-component-rtl-toggle": {
      "version": "3.1.14",
      "resolved": "https://registry.npmjs.org/bpk-component-rtl-toggle/-/bpk-component-rtl-toggle-3.1.14.tgz",
      "integrity": "sha512-lLiD1e9XtDB2nmxI9URxDTpg3sMGmdlxgwA1mDvBlvlPUKwp4tyqoxJBLKWHdGYUK/QI7aBPzjrNXpIQadgZtQ==",
      "dev": true,
      "requires": {
        "bpk-component-link": "^3.1.14",
        "bpk-react-utils": "^6.0.1",
        "prop-types": "^15.7.2"
      },
      "dependencies": {
        "bpk-react-utils": {
          "version": "6.0.1",
          "resolved": "https://registry.npmjs.org/bpk-react-utils/-/bpk-react-utils-6.0.1.tgz",
          "integrity": "sha512-7hxqbcvGS/mOnGOqM/RpYU447/9u2GphplDK/7bZAdqUY9caFwoG2muyR2Suh8W9nNpLCuSBFk05rkXgsonidw==",
          "dev": true,
          "requires": {
            "object-assign": "^4.1.1",
            "prop-types": "^15.7.2",
            "react-transition-group": "^2.5.3"
          }
        }
      }
    },
    "bpk-component-text": {
      "version": "4.0.24",
      "resolved": "https://registry.npmjs.org/bpk-component-text/-/bpk-component-text-4.0.24.tgz",
      "integrity": "sha512-R0+PwIQ76WNm9MLGVqNciI9jYfj7TWwdHVsE93ZhM+W7PEVldxaF++B+l2N4FMl7lhexbigHv0Fi8D842jXq4Q==",
      "dev": true,
      "requires": {
        "bpk-mixins": "^24.1.2",
        "bpk-react-utils": "^4.0.2",
        "prop-types": "^15.7.2"
      }
    },
    "bpk-mixins": {
      "version": "24.1.2",
      "resolved": "https://registry.npmjs.org/bpk-mixins/-/bpk-mixins-24.1.2.tgz",
      "integrity": "sha512-Xsqo47vAXfNDegrqIhmj6DjUY8ts7pf0wMI+Ko3xKSRskcUwJv/KvCup/kaFrX/BqUrmbR1JuyCFRdmq8w3eKg==",
      "requires": {
        "@skyscanner/bpk-foundations-web": "^4.3.1",
        "@skyscanner/bpk-svgs": "^14.0.15"
      }
    },
    "bpk-react-utils": {
      "version": "4.1.1",
      "resolved": "https://registry.npmjs.org/bpk-react-utils/-/bpk-react-utils-4.1.1.tgz",
      "integrity": "sha512-RiuWY1hJFXhXeEsKSK1nPxlJvd0ja49W+JsMkIo0I3kNi75TvfCt6Q/q87SH+0jujnW7VGZxH6mCx3/0tPdadA==",
      "requires": {
        "object-assign": "^4.1.1",
        "prop-types": "^15.7.2",
        "react-transition-group": "^2.5.3"
      }
    },
    "color": {
      "version": "3.2.1",
      "resolved": "https://registry.npmjs.org/color/-/color-3.2.1.tgz",
      "integrity": "sha512-aBl7dZI9ENN6fUGC7mWpMTPNHmWUSNan9tuWN6ahh5ZLNk9baLJOnSMlrQkHcrfFgz2/RigjUVAjdx36VcemKA==",
      "requires": {
        "color-convert": "^1.9.3",
        "color-string": "^1.6.0"
      }
    },
    "color-convert": {
      "version": "1.9.3",
      "resolved": "https://registry.npmjs.org/color-convert/-/color-convert-1.9.3.tgz",
      "integrity": "sha512-QfAUtd+vFdAtFQcC8CCyYt1fYWxSqAiK2cSD6zDB8N3cpsEBAvRxp9zOGg6G/SHHJYAT88/az/IuDGALsNVbGg==",
      "requires": {
        "color-name": "1.1.3"
      }
    },
    "color-name": {
      "version": "1.1.3",
      "resolved": "https://registry.npmjs.org/color-name/-/color-name-1.1.3.tgz",
      "integrity": "sha512-72fSenhMw2HZMTVHeCA9KCmpEIbzWiQsjN+BHcBbS9vr1mtt+vJjPdksIBNUmKAW8TFUDPJK5SUU3QhE9NEXDw=="
    },
    "color-string": {
      "version": "1.9.1",
      "resolved": "https://registry.npmjs.org/color-string/-/color-string-1.9.1.tgz",
      "integrity": "sha512-shrVawQFojnZv6xM40anx4CkoDP+fZsw/ZerEMsW/pyzsRbElpsL/DBVW7q3ExxwusdNXI3lXpuhEZkzs8p5Eg==",
      "requires": {
        "color-name": "^1.0.0",
        "simple-swizzle": "^0.2.2"
      }
    },
    "css-mediaquery": {
      "version": "0.1.2",
      "resolved": "https://registry.npmjs.org/css-mediaquery/-/css-mediaquery-0.1.2.tgz",
      "integrity": "sha1-aiw3NEkoYYYxxUvTPO3TAdoYvqA=",
      "dev": true
    },
    "d3-array": {
      "version": "3.1.1",
      "resolved": "https://registry.npmjs.org/d3-array/-/d3-array-3.1.1.tgz",
      "integrity": "sha512-33qQ+ZoZlli19IFiQx4QEpf2CBEayMRzhlisJHSCsSUbDXv6ZishqS1x7uFVClKG4Wr7rZVHvaAttoLow6GqdQ==",
      "requires": {
        "internmap": "1 - 2"
      }
    },
    "d3-color": {
      "version": "3.0.1",
      "resolved": "https://registry.npmjs.org/d3-color/-/d3-color-3.0.1.tgz",
      "integrity": "sha512-6/SlHkDOBLyQSJ1j1Ghs82OIUXpKWlR0hCsw0XrLSQhuUPuCSmLQ1QPH98vpnQxMUQM2/gfAkUEWsupVpd9JGw=="
    },
    "d3-format": {
      "version": "3.0.1",
      "resolved": "https://registry.npmjs.org/d3-format/-/d3-format-3.0.1.tgz",
      "integrity": "sha512-hdL7+HBIohpgfolhBxr1KX47VMD6+vVD/oEFrxk5yhmzV2prk99EkFKYpXuhVkFpTgHdJ6/4bYcjdLPPXV4tIA=="
    },
    "d3-interpolate": {
      "version": "3.0.1",
      "resolved": "https://registry.npmjs.org/d3-interpolate/-/d3-interpolate-3.0.1.tgz",
      "integrity": "sha512-3bYs1rOD33uo8aqJfKP3JWPAibgw8Zm2+L9vBKEHJ2Rg+viTR7o5Mmv5mZcieN+FRYaAOWX5SJATX6k1PWz72g==",
      "requires": {
        "d3-color": "1 - 3"
      }
    },
    "d3-path": {
      "version": "2.0.0",
      "resolved": "https://registry.npmjs.org/d3-path/-/d3-path-2.0.0.tgz",
      "integrity": "sha512-ZwZQxKhBnv9yHaiWd6ZU4x5BtCQ7pXszEV9CU6kRgwIQVQGLMv1oiL4M+MK/n79sYzsj+gcgpPQSctJUsLN7fA=="
    },
    "d3-scale": {
      "version": "4.0.2",
      "resolved": "https://registry.npmjs.org/d3-scale/-/d3-scale-4.0.2.tgz",
      "integrity": "sha512-GZW464g1SH7ag3Y7hXjf8RoUuAFIqklOAq3MRl4OaWabTFJY9PN/E1YklhXLh+OQ3fM9yS2nOkCoS+WLZ6kvxQ==",
      "requires": {
        "d3-array": "2.10.0 - 3",
        "d3-format": "1 - 3",
        "d3-interpolate": "1.2.0 - 3",
        "d3-time": "2.1.1 - 3",
        "d3-time-format": "2 - 4"
      }
    },
    "d3-time": {
      "version": "3.0.0",
      "resolved": "https://registry.npmjs.org/d3-time/-/d3-time-3.0.0.tgz",
      "integrity": "sha512-zmV3lRnlaLI08y9IMRXSDshQb5Nj77smnfpnd2LrBa/2K281Jijactokeak14QacHs/kKq0AQ121nidNYlarbQ==",
      "requires": {
        "d3-array": "2 - 3"
      }
    },
    "d3-time-format": {
      "version": "4.0.0",
      "resolved": "https://registry.npmjs.org/d3-time-format/-/d3-time-format-4.0.0.tgz",
      "integrity": "sha512-nzaCwlj+ZVBIlFuVOT1RmU+6xb/7D5IcnhHzHQcBgS/aTa5K9fWZNN5LCXA27LgF5WxoSNJqKBbLcGMtM6Ca6A==",
      "requires": {
        "d3-time": "1 - 3"
      }
    },
    "dom-helpers": {
      "version": "3.4.0",
      "resolved": "https://registry.npmjs.org/dom-helpers/-/dom-helpers-3.4.0.tgz",
      "integrity": "sha512-LnuPJ+dwqKDIyotW1VzmOZ5TONUN7CwkCR5hrgawTUbkBGYdeoNLZo6nNfGkCrjtE1nXXaj7iMMpDa8/d9WoIA==",
      "requires": {
        "@babel/runtime": "^7.1.2"
      }
    },
    "hyphenate-style-name": {
      "version": "1.0.4",
      "resolved": "https://registry.npmjs.org/hyphenate-style-name/-/hyphenate-style-name-1.0.4.tgz",
      "integrity": "sha512-ygGZLjmXfPHj+ZWh6LwbC37l43MhfztxetbFCoYTM2VjkIUpeHgSNn7QIyVFj7YQ1Wl9Cbw5sholVJPzWvC2MQ==",
      "dev": true
    },
    "internmap": {
      "version": "2.0.3",
      "resolved": "https://registry.npmjs.org/internmap/-/internmap-2.0.3.tgz",
      "integrity": "sha512-5Hh7Y1wQbvY5ooGgPbDaL5iYLAPzMTUrjMulskHLH6wnv/A+1q5rgEaiuqEjB+oxGXIVZs1FF+R/KPN3ZSQYYg=="
    },
    "is-arrayish": {
      "version": "0.3.2",
      "resolved": "https://registry.npmjs.org/is-arrayish/-/is-arrayish-0.3.2.tgz",
      "integrity": "sha512-eVRqCvVlZbuw3GrM63ovNSNAeA1K16kaR/LRY/92w0zxQ5/1YzwblUX652i4Xs9RwAGjW9d9y6X88t8OaAJfWQ=="
    },
    "js-tokens": {
      "version": "4.0.0",
      "resolved": "https://registry.npmjs.org/js-tokens/-/js-tokens-4.0.0.tgz",
      "integrity": "sha512-RdJUflcE3cUzKiMqQgsCu06FPu9UdIJO0beYbPhHN4k6apgJtifcoCtT9bcxOpYBtpD2kCM6Sbzg4CausW/PKQ=="
    },
    "lodash.debounce": {
      "version": "4.0.8",
      "resolved": "https://registry.npmjs.org/lodash.debounce/-/lodash.debounce-4.0.8.tgz",
      "integrity": "sha1-gteb/zCmfEAF/9XiUVMArZyk168="
    },
    "loose-envify": {
      "version": "1.4.0",
      "resolved": "https://registry.npmjs.org/loose-envify/-/loose-envify-1.4.0.tgz",
      "integrity": "sha512-lyuxPGr/Wfhrlem2CL/UcnUc1zcqKAImBDzukY7Y5F/yQiNdko6+fRLevlw1HgMySw7f611UIY408EtxRSoK3Q==",
      "requires": {
        "js-tokens": "^3.0.0 || ^4.0.0"
      }
    },
    "matchmediaquery": {
      "version": "0.3.1",
      "resolved": "https://registry.npmjs.org/matchmediaquery/-/matchmediaquery-0.3.1.tgz",
      "integrity": "sha512-Hlk20WQHRIm9EE9luN1kjRjYXAQToHOIAHPJn9buxBwuhfTHoKUcX+lXBbxc85DVQfXYbEQ4HcwQdd128E3qHQ==",
      "dev": true,
      "requires": {
        "css-mediaquery": "^0.1.2"
      }
    },
    "object-assign": {
      "version": "4.1.1",
      "resolved": "https://registry.npmjs.org/object-assign/-/object-assign-4.1.1.tgz",
      "integrity": "sha1-IQmtx5ZYh8/AXLvUQsrIv7s2CGM="
    },
    "prop-types": {
      "version": "15.7.2",
      "resolved": "https://registry.npmjs.org/prop-types/-/prop-types-15.7.2.tgz",
      "integrity": "sha512-8QQikdH7//R2vurIJSutZ1smHYTcLpRWEOlHnzcWHmBYrOGUysKwSsrC89BCiFj3CbrfJ/nXFdJepOVrY1GCHQ==",
      "requires": {
        "loose-envify": "^1.4.0",
        "object-assign": "^4.1.1",
        "react-is": "^16.8.1"
      }
    },
    "react-is": {
      "version": "16.13.1",
      "resolved": "https://registry.npmjs.org/react-is/-/react-is-16.13.1.tgz",
      "integrity": "sha512-24e6ynE2H+OKt4kqsOvNd8kBpV65zoxbA4BVsEOB3ARVWQki/DHzaUoC5KuON/BiccDaCCTZBuOcfZs70kR8bQ=="
    },
    "react-lifecycles-compat": {
      "version": "3.0.4",
      "resolved": "https://registry.npmjs.org/react-lifecycles-compat/-/react-lifecycles-compat-3.0.4.tgz",
      "integrity": "sha512-fBASbA6LnOU9dOU2eW7aQ8xmYBSXUIWr+UmF9b1efZBazGNO+rcXT/icdKnYm2pTwcRylVUYwW7H1PHfLekVzA=="
    },
    "react-responsive": {
      "version": "6.1.2",
      "resolved": "https://registry.npmjs.org/react-responsive/-/react-responsive-6.1.2.tgz",
      "integrity": "sha512-AXentVC/kN3KED9zhzJv2pu4vZ0i6cSHdTtbCScVV1MT6F5KXaG2qs5D7WLmhdaOvmiMX8UfmS4ZSO+WPwDt4g==",
      "dev": true,
      "requires": {
        "hyphenate-style-name": "^1.0.0",
        "matchmediaquery": "^0.3.0",
        "prop-types": "^15.6.1"
      }
    },
    "react-transition-group": {
      "version": "2.9.0",
      "resolved": "https://registry.npmjs.org/react-transition-group/-/react-transition-group-2.9.0.tgz",
      "integrity": "sha512-+HzNTCHpeQyl4MJ/bdE0u6XRMe9+XG/+aL4mCxVN4DnPBQ0/5bfHWPDuOZUzYdMj94daZaZdCCc1Dzt9R/xSSg==",
      "requires": {
        "dom-helpers": "^3.4.0",
        "loose-envify": "^1.4.0",
        "prop-types": "^15.6.2",
        "react-lifecycles-compat": "^3.0.4"
      }
    },
    "regenerator-runtime": {
      "version": "0.14.0",
      "resolved": "https://registry.npmjs.org/regenerator-runtime/-/regenerator-runtime-0.14.0.tgz",
      "integrity": "sha512-srw17NI0TUWHuGa5CFGGmhfNIeja30WMBfbslPNhf6JrqQlLN5gcrvig1oqPxiVaXb0oW0XRKtH6Nngs5lKCIA=="
    },
    "simple-swizzle": {
      "version": "0.2.2",
      "resolved": "https://registry.npmjs.org/simple-swizzle/-/simple-swizzle-0.2.2.tgz",
      "integrity": "sha512-JA//kQgZtbuY83m+xT+tXJkmJncGMTFT+C+g2h2R9uxkYIrE2yy9sgmcLhCnw57/WSD+Eh3J97FPEDFnbXnDUg==",
      "requires": {
        "is-arrayish": "^0.3.1"
      }
    }
  }
}
