{
  "name": "bpk-component-modal",
  "version": "3.0.26",
  "lockfileVersion": 1,
  "requires": true,
  "dependencies": {
    "@babel/runtime": {
      "version": "7.6.2",
      "resolved": "https://registry.npmjs.org/@babel/runtime/-/runtime-7.6.2.tgz",
      "integrity": "sha512-EXxN64agfUqqIGeEjI5dL5z0Sw0ZwWo1mLTi4mQowCZ42O59b7DRpZAnTC6OqdF28wMBMFKNb/4uFGrVaigSpg==",
      "requires": {
        "regenerator-runtime": "^0.13.2"
      }
    },
    "@skyscanner/bpk-foundations-common": {
      "version": "1.0.0",
      "resolved": "https://registry.npmjs.org/@skyscanner/bpk-foundations-common/-/bpk-foundations-common-1.0.0.tgz",
      "integrity": "sha512-rH79IdIzoU0Bjwz4aWh59pThIDLhmfNs8k8JrtrWkGN/SZIyJx6sdFAW+JaQcAlWHLea1vxJHxOkT09zYS5qFQ==",
      "requires": {
        "color": "^3.0.0"
      }
    },
    "@skyscanner/bpk-foundations-web": {
      "version": "1.2.1",
      "resolved": "https://registry.npmjs.org/@skyscanner/bpk-foundations-web/-/bpk-foundations-web-1.2.1.tgz",
      "integrity": "sha512-NfcKqqHeW6D/DfkbwMsXngayhW2clKc4MMpGhnYcVPJ7h5/DCoLgSgRbd7Rv7p+3aILPPprM8xkPvcpNvV3BDw==",
      "requires": {
        "@skyscanner/bpk-foundations-common": "^1.0.0",
        "color": "^3.0.0"
      }
    },
    "@skyscanner/bpk-svgs": {
      "version": "12.7.3",
      "resolved": "https://registry.npmjs.org/@skyscanner/bpk-svgs/-/bpk-svgs-12.7.3.tgz",
      "integrity": "sha512-FTP334JkHgZac8HEkyiDc9pAN4kXLd9nLBAEMfiJUL+9QG3kuvcQNQeJElblhlhD9tyG6ZhcIG2IJKCEiP7yuQ=="
    },
    "a11y-focus-scope": {
      "version": "1.1.3",
      "resolved": "https://registry.npmjs.org/a11y-focus-scope/-/a11y-focus-scope-1.1.3.tgz",
      "integrity": "sha1-95U4TU3UDM7BxKFg700TNx0BWug=",
      "requires": {
        "focusin": "^2.0.0",
        "tabbable": "^1.0.0"
      }
    },
    "a11y-focus-store": {
      "version": "1.0.0",
      "resolved": "https://registry.npmjs.org/a11y-focus-store/-/a11y-focus-store-1.0.0.tgz",
      "integrity": "sha1-rlJWHLhq5sKQTBpKvy5YIL9TBbA="
    },
    "bpk-component-button": {
      "version": "5.1.1",
      "resolved": "https://registry.npmjs.org/bpk-component-button/-/bpk-component-button-5.1.1.tgz",
      "integrity": "sha512-Xhfml8THJfvUTc+w5F0ojGs2izIPKXTiocsRG6OCH2qmLt/7HzMc0uNJYNLUA5kqd0iecQoa3XqDKNxFNIe+1A==",
      "dev": true,
      "requires": {
        "bpk-mixins": "^26.1.0",
        "prop-types": "^15.7.2"
      },
      "dependencies": {
        "@skyscanner/bpk-foundations-common": {
          "version": "2.6.1",
          "resolved": "https://registry.npmjs.org/@skyscanner/bpk-foundations-common/-/bpk-foundations-common-2.6.1.tgz",
          "integrity": "sha512-XtM6o6WXW98cK5tY3xKcUxch/iGhVUpur4yCB211rhwrDz6CMN7WV4Nne72fmv/BZWriUpuzid6L+v0aXkfjDw==",
          "dev": true,
          "requires": {
            "color": "^3.0.0"
          }
        },
        "@skyscanner/bpk-foundations-web": {
          "version": "5.3.0",
          "resolved": "https://registry.npmjs.org/@skyscanner/bpk-foundations-web/-/bpk-foundations-web-5.3.0.tgz",
          "integrity": "sha512-kU9acWxema8v0n29TXSOlNiOv2Y1bdfYL6oSkAnNCZAsJe4+KoTfe0Q2EYw9kbJzbw8PdVT1PqRA2YIZekh5jg==",
          "dev": true,
          "requires": {
            "@skyscanner/bpk-foundations-common": "^2.2.1",
            "color": "^3.0.0"
          }
        },
        "@skyscanner/bpk-svgs": {
          "version": "14.5.9",
          "resolved": "https://registry.npmjs.org/@skyscanner/bpk-svgs/-/bpk-svgs-14.5.9.tgz",
          "integrity": "sha512-AeaBoOOkX3fO2nB+oKD/stYH69hF6VCYJsngwoSSJkJRrfRJcOqmcsN+MkTQ1avQ6U1wUe0Wzemdzs5riLLMlQ==",
          "dev": true
        },
        "bpk-mixins": {
          "version": "26.1.1",
          "resolved": "https://registry.npmjs.org/bpk-mixins/-/bpk-mixins-26.1.1.tgz",
          "integrity": "sha512-zyUY9fDIBRCa8SKI3pegkzF5dyL6QwBv9cZRLFX0cah+heUKztOj9ZHRrg5I066G2DcyWw4ayjIIHPVCvbWTrA==",
          "dev": true,
          "requires": {
            "@skyscanner/bpk-foundations-web": "^5.3.0",
            "@skyscanner/bpk-svgs": "^14.1.3"
          }
        }
      }
    },
    "bpk-component-close-button": {
      "version": "3.0.0",
      "resolved": "https://registry.npmjs.org/bpk-component-close-button/-/bpk-component-close-button-3.0.0.tgz",
      "integrity": "sha512-gKeigHgpTlxw/W2FD6LK1z1ZL743STxRcVj31bOc5UrKOraOeZBrCbDtO3tT29uV1sQZsM+gErcno5bxKuOlZA==",
      "requires": {
        "bpk-component-icon": "^9.0.0",
        "bpk-mixins": "^21.0.0",
        "bpk-react-utils": "^4.0.0",
        "prop-types": "^15.6.2"
      },
      "dependencies": {
        "bpk-mixins": {
          "version": "21.0.4",
          "resolved": "https://registry.npmjs.org/bpk-mixins/-/bpk-mixins-21.0.4.tgz",
          "integrity": "sha512-lbUYXlJpJ73iyK5oXt5yl05joCqW9xpiDgDQf6eLCrY2kxTOpnVRwVXa+jJR5DdUt10L8F8Cliy4QQ9rvLMV+g==",
          "requires": {
            "@skyscanner/bpk-foundations-web": "^1.0.0",
            "@skyscanner/bpk-svgs": "^12.7.2"
          }
        }
      }
    },
    "bpk-component-icon": {
      "version": "9.0.0",
      "resolved": "https://registry.npmjs.org/bpk-component-icon/-/bpk-component-icon-9.0.0.tgz",
      "integrity": "sha512-wk4FFdVpfBcNwJiMy3HHkNUSJjVSSj2Qsap5RxW7SV/qUnMn9497SVou+O0Qigm1VQ32wrAZgQkFE9BDtZU2lg==",
      "requires": {
        "@skyscanner/bpk-foundations-web": "^1.0.0",
        "@skyscanner/bpk-svgs": "^12.7.2",
        "bpk-mixins": "^21.0.0",
        "bpk-react-utils": "^4.0.0",
        "prop-types": "^15.6.2"
      },
      "dependencies": {
        "bpk-mixins": {
          "version": "21.0.4",
          "resolved": "https://registry.npmjs.org/bpk-mixins/-/bpk-mixins-21.0.4.tgz",
          "integrity": "sha512-lbUYXlJpJ73iyK5oXt5yl05joCqW9xpiDgDQf6eLCrY2kxTOpnVRwVXa+jJR5DdUt10L8F8Cliy4QQ9rvLMV+g==",
          "requires": {
            "@skyscanner/bpk-foundations-web": "^1.0.0",
            "@skyscanner/bpk-svgs": "^12.7.2"
          }
        }
      }
    },
    "bpk-component-link": {
      "version": "3.0.0",
      "resolved": "https://registry.npmjs.org/bpk-component-link/-/bpk-component-link-3.0.0.tgz",
      "integrity": "sha512-TAViXJjY7NykgRJOGqeZi3gOatrHIFWC+2N2rps4lx5iDo3GGiy4k9q4wqu4ud0Jc/955hqDS+3qqdcbuVk8cw==",
      "requires": {
        "bpk-mixins": "^21.0.0",
        "bpk-react-utils": "^4.0.0",
        "prop-types": "^15.6.2"
      },
      "dependencies": {
        "bpk-mixins": {
          "version": "21.0.4",
          "resolved": "https://registry.npmjs.org/bpk-mixins/-/bpk-mixins-21.0.4.tgz",
          "integrity": "sha512-lbUYXlJpJ73iyK5oXt5yl05joCqW9xpiDgDQf6eLCrY2kxTOpnVRwVXa+jJR5DdUt10L8F8Cliy4QQ9rvLMV+g==",
          "requires": {
            "@skyscanner/bpk-foundations-web": "^1.0.0",
            "@skyscanner/bpk-svgs": "^12.7.2"
          }
        }
      }
    },
    "bpk-component-navigation-bar": {
      "version": "3.0.0",
      "resolved": "https://registry.npmjs.org/bpk-component-navigation-bar/-/bpk-component-navigation-bar-3.0.0.tgz",
      "integrity": "sha512-KtiI739WaatcUsqQUWVaZB+Fcrhq+awglpUdi/HOpFzLaez5JX60raS4itaZ5SY7RKX9z9U4Q387qJ0cmfVwgQ==",
      "requires": {
        "bpk-component-close-button": "^3.0.0",
        "bpk-component-link": "^3.0.0",
        "bpk-component-text": "^4.0.0",
        "bpk-mixins": "^21.0.0",
        "bpk-react-utils": "^4.0.0",
        "prop-types": "^15.6.2"
      },
      "dependencies": {
        "bpk-mixins": {
          "version": "21.0.4",
          "resolved": "https://registry.npmjs.org/bpk-mixins/-/bpk-mixins-21.0.4.tgz",
          "integrity": "sha512-lbUYXlJpJ73iyK5oXt5yl05joCqW9xpiDgDQf6eLCrY2kxTOpnVRwVXa+jJR5DdUt10L8F8Cliy4QQ9rvLMV+g==",
          "requires": {
            "@skyscanner/bpk-foundations-web": "^1.0.0",
            "@skyscanner/bpk-svgs": "^12.7.2"
          }
        }
      }
    },
    "bpk-component-text": {
      "version": "4.0.24",
      "resolved": "https://registry.npmjs.org/bpk-component-text/-/bpk-component-text-4.0.24.tgz",
      "integrity": "sha512-R0+PwIQ76WNm9MLGVqNciI9jYfj7TWwdHVsE93ZhM+W7PEVldxaF++B+l2N4FMl7lhexbigHv0Fi8D842jXq4Q==",
      "requires": {
        "bpk-mixins": "^24.1.2",
        "bpk-react-utils": "^4.0.2",
        "prop-types": "^15.7.2"
      }
    },
    "bpk-mixins": {
      "version": "24.1.2",
      "resolved": "https://registry.npmjs.org/bpk-mixins/-/bpk-mixins-24.1.2.tgz",
      "integrity": "sha512-Xsqo47vAXfNDegrqIhmj6DjUY8ts7pf0wMI+Ko3xKSRskcUwJv/KvCup/kaFrX/BqUrmbR1JuyCFRdmq8w3eKg==",
      "requires": {
        "@skyscanner/bpk-foundations-web": "^4.3.1",
        "@skyscanner/bpk-svgs": "^14.0.15"
      },
      "dependencies": {
        "@skyscanner/bpk-foundations-common": {
          "version": "2.6.1",
          "resolved": "https://registry.npmjs.org/@skyscanner/bpk-foundations-common/-/bpk-foundations-common-2.6.1.tgz",
          "integrity": "sha512-XtM6o6WXW98cK5tY3xKcUxch/iGhVUpur4yCB211rhwrDz6CMN7WV4Nne72fmv/BZWriUpuzid6L+v0aXkfjDw==",
          "requires": {
            "color": "^3.0.0"
          }
        },
        "@skyscanner/bpk-foundations-web": {
          "version": "4.4.0",
          "resolved": "https://registry.npmjs.org/@skyscanner/bpk-foundations-web/-/bpk-foundations-web-4.4.0.tgz",
          "integrity": "sha512-Y4QsavWw5jB/xti98JkAzxx47Qq5a1ipMzeqtOWMausRziZo9Nbb4PDQvAIRdY7Tz8K5XGk54cz7ZYy145QvCw==",
          "requires": {
            "@skyscanner/bpk-foundations-common": "^2.0.0",
            "color": "^3.0.0"
          }
        },
        "@skyscanner/bpk-svgs": {
          "version": "14.5.9",
          "resolved": "https://registry.npmjs.org/@skyscanner/bpk-svgs/-/bpk-svgs-14.5.9.tgz",
          "integrity": "sha512-AeaBoOOkX3fO2nB+oKD/stYH69hF6VCYJsngwoSSJkJRrfRJcOqmcsN+MkTQ1avQ6U1wUe0Wzemdzs5riLLMlQ=="
        }
      }
    },
    "bpk-react-utils": {
      "version": "4.1.1",
      "resolved": "https://registry.npmjs.org/bpk-react-utils/-/bpk-react-utils-4.1.1.tgz",
      "integrity": "sha512-RiuWY1hJFXhXeEsKSK1nPxlJvd0ja49W+JsMkIo0I3kNi75TvfCt6Q/q87SH+0jujnW7VGZxH6mCx3/0tPdadA==",
      "requires": {
        "object-assign": "^4.1.1",
        "prop-types": "^15.7.2",
        "react-transition-group": "^2.5.3"
      }
    },
    "bpk-scrim-utils": {
      "version": "5.0.0",
      "resolved": "https://registry.npmjs.org/bpk-scrim-utils/-/bpk-scrim-utils-5.0.0.tgz",
      "integrity": "sha512-MnQdAbpK+7a0gc6L6k0lYt6vcfclHbPk2ppuVpr8u1hWxqXh2NLfw1nlIYx/k4Grdizg3JrzISo3A8LdG9cDmg==",
      "requires": {
        "a11y-focus-scope": "^1.1.3",
        "a11y-focus-store": "^1.0.0",
        "bpk-mixins": "^21.0.0",
        "bpk-react-utils": "^4.0.0"
      },
      "dependencies": {
        "bpk-mixins": {
          "version": "21.0.4",
          "resolved": "https://registry.npmjs.org/bpk-mixins/-/bpk-mixins-21.0.4.tgz",
          "integrity": "sha512-lbUYXlJpJ73iyK5oXt5yl05joCqW9xpiDgDQf6eLCrY2kxTOpnVRwVXa+jJR5DdUt10L8F8Cliy4QQ9rvLMV+g==",
          "requires": {
            "@skyscanner/bpk-foundations-web": "^1.0.0",
            "@skyscanner/bpk-svgs": "^12.7.2"
          }
        }
      }
    },
    "color": {
      "version": "3.2.1",
      "resolved": "https://registry.npmjs.org/color/-/color-3.2.1.tgz",
      "integrity": "sha512-aBl7dZI9ENN6fUGC7mWpMTPNHmWUSNan9tuWN6ahh5ZLNk9baLJOnSMlrQkHcrfFgz2/RigjUVAjdx36VcemKA==",
      "requires": {
        "color-convert": "^1.9.3",
        "color-string": "^1.6.0"
      }
    },
    "color-convert": {
      "version": "1.9.3",
      "resolved": "https://registry.npmjs.org/color-convert/-/color-convert-1.9.3.tgz",
      "integrity": "sha512-QfAUtd+vFdAtFQcC8CCyYt1fYWxSqAiK2cSD6zDB8N3cpsEBAvRxp9zOGg6G/SHHJYAT88/az/IuDGALsNVbGg==",
      "requires": {
        "color-name": "1.1.3"
      }
    },
    "color-name": {
      "version": "1.1.3",
      "resolved": "https://registry.npmjs.org/color-name/-/color-name-1.1.3.tgz",
      "integrity": "sha512-72fSenhMw2HZMTVHeCA9KCmpEIbzWiQsjN+BHcBbS9vr1mtt+vJjPdksIBNUmKAW8TFUDPJK5SUU3QhE9NEXDw=="
    },
    "color-string": {
      "version": "1.9.1",
      "resolved": "https://registry.npmjs.org/color-string/-/color-string-1.9.1.tgz",
      "integrity": "sha512-shrVawQFojnZv6xM40anx4CkoDP+fZsw/ZerEMsW/pyzsRbElpsL/DBVW7q3ExxwusdNXI3lXpuhEZkzs8p5Eg==",
      "requires": {
        "color-name": "^1.0.0",
        "simple-swizzle": "^0.2.2"
      }
    },
    "dom-helpers": {
      "version": "3.4.0",
      "resolved": "https://registry.npmjs.org/dom-helpers/-/dom-helpers-3.4.0.tgz",
      "integrity": "sha512-LnuPJ+dwqKDIyotW1VzmOZ5TONUN7CwkCR5hrgawTUbkBGYdeoNLZo6nNfGkCrjtE1nXXaj7iMMpDa8/d9WoIA==",
      "requires": {
        "@babel/runtime": "^7.1.2"
      }
    },
    "focusin": {
      "version": "2.0.0",
      "resolved": "https://registry.npmjs.org/focusin/-/focusin-2.0.0.tgz",
      "integrity": "sha1-WMARgN+xlJ8D493u4GNzn8M7b/w="
    },
    "is-arrayish": {
      "version": "0.3.2",
      "resolved": "https://registry.npmjs.org/is-arrayish/-/is-arrayish-0.3.2.tgz",
      "integrity": "sha512-eVRqCvVlZbuw3GrM63ovNSNAeA1K16kaR/LRY/92w0zxQ5/1YzwblUX652i4Xs9RwAGjW9d9y6X88t8OaAJfWQ=="
    },
    "js-tokens": {
      "version": "4.0.0",
      "resolved": "https://registry.npmjs.org/js-tokens/-/js-tokens-4.0.0.tgz",
      "integrity": "sha512-RdJUflcE3cUzKiMqQgsCu06FPu9UdIJO0beYbPhHN4k6apgJtifcoCtT9bcxOpYBtpD2kCM6Sbzg4CausW/PKQ=="
    },
    "loose-envify": {
      "version": "1.4.0",
      "resolved": "https://registry.npmjs.org/loose-envify/-/loose-envify-1.4.0.tgz",
      "integrity": "sha512-lyuxPGr/Wfhrlem2CL/UcnUc1zcqKAImBDzukY7Y5F/yQiNdko6+fRLevlw1HgMySw7f611UIY408EtxRSoK3Q==",
      "requires": {
        "js-tokens": "^3.0.0 || ^4.0.0"
      }
    },
    "object-assign": {
      "version": "4.1.1",
      "resolved": "https://registry.npmjs.org/object-assign/-/object-assign-4.1.1.tgz",
      "integrity": "sha1-IQmtx5ZYh8/AXLvUQsrIv7s2CGM="
    },
    "prop-types": {
      "version": "15.8.1",
      "resolved": "https://registry.npmjs.org/prop-types/-/prop-types-15.8.1.tgz",
      "integrity": "sha512-oj87CgZICdulUohogVAR7AjlC0327U4el4L6eAvOqCeudMDVU0NThNaV+b9Df4dXgSP1gXMTnPdhfe/2qDH5cg==",
      "requires": {
        "loose-envify": "^1.4.0",
        "object-assign": "^4.1.1",
        "react-is": "^16.13.1"
      }
    },
    "react-is": {
      "version": "16.13.1",
      "resolved": "https://registry.npmjs.org/react-is/-/react-is-16.13.1.tgz",
      "integrity": "sha512-24e6ynE2H+OKt4kqsOvNd8kBpV65zoxbA4BVsEOB3ARVWQki/DHzaUoC5KuON/BiccDaCCTZBuOcfZs70kR8bQ=="
    },
    "react-lifecycles-compat": {
      "version": "3.0.4",
      "resolved": "https://registry.npmjs.org/react-lifecycles-compat/-/react-lifecycles-compat-3.0.4.tgz",
      "integrity": "sha512-fBASbA6LnOU9dOU2eW7aQ8xmYBSXUIWr+UmF9b1efZBazGNO+rcXT/icdKnYm2pTwcRylVUYwW7H1PHfLekVzA=="
    },
    "react-transition-group": {
      "version": "2.9.0",
      "resolved": "https://registry.npmjs.org/react-transition-group/-/react-transition-group-2.9.0.tgz",
      "integrity": "sha512-+HzNTCHpeQyl4MJ/bdE0u6XRMe9+XG/+aL4mCxVN4DnPBQ0/5bfHWPDuOZUzYdMj94daZaZdCCc1Dzt9R/xSSg==",
      "requires": {
        "dom-helpers": "^3.4.0",
        "loose-envify": "^1.4.0",
        "prop-types": "^15.6.2",
        "react-lifecycles-compat": "^3.0.4"
      }
    },
    "regenerator-runtime": {
      "version": "0.13.3",
      "resolved": "https://registry.npmjs.org/regenerator-runtime/-/regenerator-runtime-0.13.3.tgz",
      "integrity": "sha512-naKIZz2GQ8JWh///G7L3X6LaQUAMp2lvb1rvwwsURe/VXwD6VMfr+/1NuNw3ag8v2kY1aQ/go5SNn79O9JU7yw=="
    },
    "simple-swizzle": {
      "version": "0.2.2",
      "resolved": "https://registry.npmjs.org/simple-swizzle/-/simple-swizzle-0.2.2.tgz",
      "integrity": "sha512-JA//kQgZtbuY83m+xT+tXJkmJncGMTFT+C+g2h2R9uxkYIrE2yy9sgmcLhCnw57/WSD+Eh3J97FPEDFnbXnDUg==",
      "requires": {
        "is-arrayish": "^0.3.1"
      }
    },
    "tabbable": {
      "version": "1.1.3",
      "resolved": "https://registry.npmjs.org/tabbable/-/tabbable-1.1.3.tgz",
      "integrity": "sha512-nOWwx35/JuDI4ONuF0ZTo6lYvI0fY0tZCH1ErzY2EXfu4az50ZyiUX8X073FLiZtmWUVlkRnuXsehjJgCw9tYg=="
    }
  }
}
