{
  "name": "bpk-component-datatable",
  "version": "4.0.8",
  "lockfileVersion": 1,
  "requires": true,
  "dependencies": {
    "@babel/runtime": {
      "version": "7.14.0",
      "resolved": "https://registry.npmjs.org/@babel/runtime/-/runtime-7.14.0.tgz",
      "integrity": "sha512-JELkvo/DlpNdJ7dlyw/eY7E0suy5i5GQH+Vlxaq1nsNJ+H7f4Vtv3jMeCEgRhZZQFXTjldYfQgv2qmM6M1v5wA==",
      "requires": {
        "regenerator-runtime": "^0.13.4"
      }
    },
    "@skyscanner/bpk-foundations-common": {
      "version": "2.6.1",
      "resolved": "https://registry.npmjs.org/@skyscanner/bpk-foundations-common/-/bpk-foundations-common-2.6.1.tgz",
      "integrity": "sha512-XtM6o6WXW98cK5tY3xKcUxch/iGhVUpur4yCB211rhwrDz6CMN7WV4Nne72fmv/BZWriUpuzid6L+v0aXkfjDw==",
      "requires": {
        "color": "^3.0.0"
      }
    },
    "@skyscanner/bpk-foundations-web": {
      "version": "4.4.0",
      "resolved": "https://registry.npmjs.org/@skyscanner/bpk-foundations-web/-/bpk-foundations-web-4.4.0.tgz",
      "integrity": "sha512-Y4QsavWw5jB/xti98JkAzxx47Qq5a1ipMzeqtOWMausRziZo9Nbb4PDQvAIRdY7Tz8K5XGk54cz7ZYy145QvCw==",
      "requires": {
        "@skyscanner/bpk-foundations-common": "^2.0.0",
        "color": "^3.0.0"
      }
    },
    "@skyscanner/bpk-svgs": {
      "version": "12.7.3",
      "resolved": "https://registry.npmjs.org/@skyscanner/bpk-svgs/-/bpk-svgs-12.7.3.tgz",
      "integrity": "sha512-FTP334JkHgZac8HEkyiDc9pAN4kXLd9nLBAEMfiJUL+9QG3kuvcQNQeJElblhlhD9tyG6ZhcIG2IJKCEiP7yuQ=="
    },
    "bpk-component-icon": {
      "version": "9.0.0",
      "resolved": "https://registry.npmjs.org/bpk-component-icon/-/bpk-component-icon-9.0.0.tgz",
      "integrity": "sha512-wk4FFdVpfBcNwJiMy3HHkNUSJjVSSj2Qsap5RxW7SV/qUnMn9497SVou+O0Qigm1VQ32wrAZgQkFE9BDtZU2lg==",
      "requires": {
        "@skyscanner/bpk-foundations-web": "^1.0.0",
        "@skyscanner/bpk-svgs": "^12.7.2",
        "bpk-mixins": "^21.0.0",
        "bpk-react-utils": "^4.0.0",
        "prop-types": "^15.6.2"
      },
      "dependencies": {
        "@skyscanner/bpk-foundations-common": {
          "version": "1.0.0",
          "resolved": "https://registry.npmjs.org/@skyscanner/bpk-foundations-common/-/bpk-foundations-common-1.0.0.tgz",
          "integrity": "sha512-rH79IdIzoU0Bjwz4aWh59pThIDLhmfNs8k8JrtrWkGN/SZIyJx6sdFAW+JaQcAlWHLea1vxJHxOkT09zYS5qFQ==",
          "requires": {
            "color": "^3.0.0"
          }
        },
        "@skyscanner/bpk-foundations-web": {
          "version": "1.2.1",
          "resolved": "https://registry.npmjs.org/@skyscanner/bpk-foundations-web/-/bpk-foundations-web-1.2.1.tgz",
          "integrity": "sha512-NfcKqqHeW6D/DfkbwMsXngayhW2clKc4MMpGhnYcVPJ7h5/DCoLgSgRbd7Rv7p+3aILPPprM8xkPvcpNvV3BDw==",
          "requires": {
            "@skyscanner/bpk-foundations-common": "^1.0.0",
            "color": "^3.0.0"
          }
        },
        "bpk-mixins": {
          "version": "21.0.4",
          "resolved": "https://registry.npmjs.org/bpk-mixins/-/bpk-mixins-21.0.4.tgz",
          "integrity": "sha512-lbUYXlJpJ73iyK5oXt5yl05joCqW9xpiDgDQf6eLCrY2kxTOpnVRwVXa+jJR5DdUt10L8F8Cliy4QQ9rvLMV+g==",
          "requires": {
            "@skyscanner/bpk-foundations-web": "^1.0.0",
            "@skyscanner/bpk-svgs": "^12.7.2"
          }
        }
      }
    },
    "bpk-mixins": {
      "version": "24.1.2",
      "resolved": "https://registry.npmjs.org/bpk-mixins/-/bpk-mixins-24.1.2.tgz",
      "integrity": "sha512-Xsqo47vAXfNDegrqIhmj6DjUY8ts7pf0wMI+Ko3xKSRskcUwJv/KvCup/kaFrX/BqUrmbR1JuyCFRdmq8w3eKg==",
      "requires": {
        "@skyscanner/bpk-foundations-web": "^4.3.1",
        "@skyscanner/bpk-svgs": "^14.0.15"
      },
      "dependencies": {
        "@skyscanner/bpk-svgs": {
          "version": "14.5.9",
          "resolved": "https://registry.npmjs.org/@skyscanner/bpk-svgs/-/bpk-svgs-14.5.9.tgz",
          "integrity": "sha512-AeaBoOOkX3fO2nB+oKD/stYH69hF6VCYJsngwoSSJkJRrfRJcOqmcsN+MkTQ1avQ6U1wUe0Wzemdzs5riLLMlQ=="
        }
      }
    },
    "bpk-react-utils": {
      "version": "4.1.1",
      "resolved": "https://registry.npmjs.org/bpk-react-utils/-/bpk-react-utils-4.1.1.tgz",
      "integrity": "sha512-RiuWY1hJFXhXeEsKSK1nPxlJvd0ja49W+JsMkIo0I3kNi75TvfCt6Q/q87SH+0jujnW7VGZxH6mCx3/0tPdadA==",
      "requires": {
        "object-assign": "^4.1.1",
        "prop-types": "^15.7.2",
        "react-transition-group": "^2.5.3"
      }
    },
    "clsx": {
      "version": "1.1.1",
      "resolved": "https://registry.npmjs.org/clsx/-/clsx-1.1.1.tgz",
      "integrity": "sha512-6/bPho624p3S2pMyvP5kKBPXnI3ufHLObBFCfgx+LkeR5lg2XYy2hqZqUf45ypD8COn2bhgGJSUE+l5dhNBieA=="
    },
    "color": {
      "version": "3.1.3",
      "resolved": "https://registry.npmjs.org/color/-/color-3.1.3.tgz",
      "integrity": "sha512-xgXAcTHa2HeFCGLE9Xs/R82hujGtu9Jd9x4NW3T34+OMs7VoPsjwzRczKHvTAHeJwWFwX5j15+MgAppE8ztObQ==",
      "requires": {
        "color-convert": "^1.9.1",
        "color-string": "^1.5.4"
      }
    },
    "color-convert": {
      "version": "1.9.3",
      "resolved": "https://registry.npmjs.org/color-convert/-/color-convert-1.9.3.tgz",
      "integrity": "sha512-QfAUtd+vFdAtFQcC8CCyYt1fYWxSqAiK2cSD6zDB8N3cpsEBAvRxp9zOGg6G/SHHJYAT88/az/IuDGALsNVbGg==",
      "requires": {
        "color-name": "1.1.3"
      }
    },
    "color-name": {
      "version": "1.1.3",
      "resolved": "https://registry.npmjs.org/color-name/-/color-name-1.1.3.tgz",
      "integrity": "sha1-p9BVi9icQveV3UIyj3QIMcpTvCU="
    },
    "color-string": {
      "version": "1.5.5",
      "resolved": "https://registry.npmjs.org/color-string/-/color-string-1.5.5.tgz",
      "integrity": "sha512-jgIoum0OfQfq9Whcfc2z/VhCNcmQjWbey6qBX0vqt7YICflUmBCh9E9CiQD5GSJ+Uehixm3NUwHVhqUAWRivZg==",
      "requires": {
        "color-name": "^1.0.0",
        "simple-swizzle": "^0.2.2"
      }
    },
    "csstype": {
      "version": "3.0.8",
      "resolved": "https://registry.npmjs.org/csstype/-/csstype-3.0.8.tgz",
      "integrity": "sha512-jXKhWqXPmlUeoQnF/EhTtTl4C9SnrxSH/jZUih3jmO6lBKr99rP3/+FmrMj4EFpOXzMtXHAZkd3x0E6h6Fgflw=="
    },
    "dom-helpers": {
      "version": "3.4.0",
      "resolved": "https://registry.npmjs.org/dom-helpers/-/dom-helpers-3.4.0.tgz",
      "integrity": "sha512-LnuPJ+dwqKDIyotW1VzmOZ5TONUN7CwkCR5hrgawTUbkBGYdeoNLZo6nNfGkCrjtE1nXXaj7iMMpDa8/d9WoIA==",
      "requires": {
        "@babel/runtime": "^7.1.2"
      }
    },
    "is-arrayish": {
      "version": "0.3.2",
      "resolved": "https://registry.npmjs.org/is-arrayish/-/is-arrayish-0.3.2.tgz",
      "integrity": "sha512-eVRqCvVlZbuw3GrM63ovNSNAeA1K16kaR/LRY/92w0zxQ5/1YzwblUX652i4Xs9RwAGjW9d9y6X88t8OaAJfWQ=="
    },
    "js-tokens": {
      "version": "4.0.0",
      "resolved": "https://registry.npmjs.org/js-tokens/-/js-tokens-4.0.0.tgz",
      "integrity": "sha512-RdJUflcE3cUzKiMqQgsCu06FPu9UdIJO0beYbPhHN4k6apgJtifcoCtT9bcxOpYBtpD2kCM6Sbzg4CausW/PKQ=="
    },
    "lodash": {
      "version": "4.17.21",
      "resolved": "https://registry.npmjs.org/lodash/-/lodash-4.17.21.tgz",
      "integrity": "sha512-v2kDEe57lecTulaDIuNTPy3Ry4gLGJ6Z1O3vE1krgXZNrsQ+LFTGHVxVjcXPs17LhbZVGedAJv8XZ1tvj5FvSg=="
    },
    "loose-envify": {
      "version": "1.4.0",
      "resolved": "https://registry.npmjs.org/loose-envify/-/loose-envify-1.4.0.tgz",
      "integrity": "sha512-lyuxPGr/Wfhrlem2CL/UcnUc1zcqKAImBDzukY7Y5F/yQiNdko6+fRLevlw1HgMySw7f611UIY408EtxRSoK3Q==",
      "requires": {
        "js-tokens": "^3.0.0 || ^4.0.0"
      }
    },
    "object-assign": {
      "version": "4.1.1",
      "resolved": "https://registry.npmjs.org/object-assign/-/object-assign-4.1.1.tgz",
      "integrity": "sha1-IQmtx5ZYh8/AXLvUQsrIv7s2CGM="
    },
    "prop-types": {
      "version": "15.8.1",
      "resolved": "https://registry.npmjs.org/prop-types/-/prop-types-15.8.1.tgz",
      "integrity": "sha512-oj87CgZICdulUohogVAR7AjlC0327U4el4L6eAvOqCeudMDVU0NThNaV+b9Df4dXgSP1gXMTnPdhfe/2qDH5cg==",
      "requires": {
        "loose-envify": "^1.4.0",
        "object-assign": "^4.1.1",
        "react-is": "^16.13.1"
      }
    },
    "react-is": {
      "version": "16.13.1",
      "resolved": "https://registry.npmjs.org/react-is/-/react-is-16.13.1.tgz",
      "integrity": "sha512-24e6ynE2H+OKt4kqsOvNd8kBpV65zoxbA4BVsEOB3ARVWQki/DHzaUoC5KuON/BiccDaCCTZBuOcfZs70kR8bQ=="
    },
    "react-lifecycles-compat": {
      "version": "3.0.4",
      "resolved": "https://registry.npmjs.org/react-lifecycles-compat/-/react-lifecycles-compat-3.0.4.tgz",
      "integrity": "sha512-fBASbA6LnOU9dOU2eW7aQ8xmYBSXUIWr+UmF9b1efZBazGNO+rcXT/icdKnYm2pTwcRylVUYwW7H1PHfLekVzA=="
    },
    "react-transition-group": {
      "version": "2.9.0",
      "resolved": "https://registry.npmjs.org/react-transition-group/-/react-transition-group-2.9.0.tgz",
      "integrity": "sha512-+HzNTCHpeQyl4MJ/bdE0u6XRMe9+XG/+aL4mCxVN4DnPBQ0/5bfHWPDuOZUzYdMj94daZaZdCCc1Dzt9R/xSSg==",
      "requires": {
        "dom-helpers": "^3.4.0",
        "loose-envify": "^1.4.0",
        "prop-types": "^15.6.2",
        "react-lifecycles-compat": "^3.0.4"
      }
    },
    "react-virtualized": {
      "version": "9.22.3",
      "resolved": "https://registry.npmjs.org/react-virtualized/-/react-virtualized-9.22.3.tgz",
      "integrity": "sha512-MKovKMxWTcwPSxE1kK1HcheQTWfuCxAuBoSTf2gwyMM21NdX/PXUhnoP8Uc5dRKd+nKm8v41R36OellhdCpkrw==",
      "requires": {
        "@babel/runtime": "^7.7.2",
        "clsx": "^1.0.4",
        "dom-helpers": "^5.1.3",
        "loose-envify": "^1.4.0",
        "prop-types": "^15.7.2",
        "react-lifecycles-compat": "^3.0.4"
      },
      "dependencies": {
        "dom-helpers": {
          "version": "5.2.1",
          "resolved": "https://registry.npmjs.org/dom-helpers/-/dom-helpers-5.2.1.tgz",
          "integrity": "sha512-nRCa7CK3VTrM2NmGkIy4cbK7IZlgBE/PYMn55rrXefr5xXDP0LdtfPnblFDoVdcAfslJ7or6iqAUnx0CCGIWQA==",
          "requires": {
            "@babel/runtime": "^7.8.7",
            "csstype": "^3.0.2"
          }
        }
      }
    },
    "regenerator-runtime": {
      "version": "0.13.7",
      "resolved": "https://registry.npmjs.org/regenerator-runtime/-/regenerator-runtime-0.13.7.tgz",
      "integrity": "sha512-a54FxoJDIr27pgf7IgeQGxmqUNYrcV338lf/6gH456HZ/PhX+5BcwHXG9ajESmwe6WRO0tAzRUrRmNONWgkrew=="
    },
    "simple-swizzle": {
      "version": "0.2.2",
      "resolved": "https://registry.npmjs.org/simple-swizzle/-/simple-swizzle-0.2.2.tgz",
      "integrity": "sha1-pNprY1/8zMoz9w0Xy5JZLeleVXo=",
      "requires": {
        "is-arrayish": "^0.3.1"
      }
    }
  }
}
